
Microsoft Visual Studio Solution File, Format Version 12.00
# Visual Studio 15
VisualStudioVersion = 15.0.28010.2016
MinimumVisualStudioVersion = 10.0.40219.1
Project("{FAE04EC0-301F-11D3-BF4B-00C04F79EFBC}") = "RegistroCuentaRD", "RegistroCuentaRD\RegistroCuentaRD.csproj", "{ECB67CDF-4713-4996-966E-804B7DD13AFB}"
EndProject
Project("{FAE04EC0-301F-11D3-BF4B-00C04F79EFBC}") = "RegistroCuentaRDTests", "RegistroCuentaRDTests\RegistroCuentaRDTests.csproj", "{C856910E-C638-4EE0-A1B3-C6C90F209DEB}"
EndProject
Global
	GlobalSection(SolutionConfigurationPlatforms) = preSolution
		Debug|Any CPU = Debug|Any CPU
		Release|Any CPU = Release|Any CPU
	EndGlobalSection
	GlobalSection(ProjectConfigurationPlatforms) = postSolution
		{ECB67CDF-4713-4996-966E-804B7DD13AFB}.Debug|Any CPU.ActiveCfg = Debug|Any CPU
		{ECB67CDF-4713-4996-966E-804B7DD13AFB}.Debug|Any CPU.Build.0 = Debug|Any CPU
		{ECB67CDF-4713-4996-966E-804B7DD13AFB}.Release|Any CPU.ActiveCfg = Release|Any CPU
		{ECB67CDF-4713-4996-966E-804B7DD13AFB}.Release|Any CPU.Build.0 = Release|Any CPU
		{C856910E-C638-4EE0-A1B3-C6C90F209DEB}.Debug|Any CPU.ActiveCfg = Debug|Any CPU
		{C856910E-C638-4EE0-A1B3-C6C90F209DEB}.Debug|Any CPU.Build.0 = Debug|Any CPU
		{C856910E-C638-4EE0-A1B3-C6C90F209DEB}.Release|Any CPU.ActiveCfg = Release|Any CPU
		{C856910E-C638-4EE0-A1B3-C6C90F209DEB}.Release|Any CPU.Build.0 = Release|Any CPU
	EndGlobalSection
	GlobalSection(SolutionProperties) = preSolution
		HideSolutionNode = FALSE
	EndGlobalSection
	GlobalSection(ExtensibilityGlobals) = postSolution
		SolutionGuid = {3F481F41-4A37-4084-9D2C-C497DC3D3FB4}
	EndGlobalSection
EndGlobal
